
Microsoft Visual Studio Solution File, Format Version 12.00
# Visual Studio Version 17
VisualStudioVersion = 17.9.34616.47
MinimumVisualStudioVersion = 10.0.40219.1
Project("{8BC9CEB8-8B4A-11D0-8D11-00A0C91BC942}") = "145_singlelinkedlist", "145_singlelinkedlist\145_singlelinkedlist.vcxproj", "{04DFDECE-AB67-4406-A003-66CE1E989AFF}"
EndProject
Global
	GlobalSection(SolutionConfigurationPlatforms) = preSolution
		Debug|x64 = Debug|x64
		Debug|x86 = Debug|x86
		Release|x64 = Release|x64
		Release|x86 = Release|x86
	EndGlobalSection
	GlobalSection(ProjectConfigurationPlatforms) = postSolution
		{04DFDECE-AB67-4406-A003-66CE1E989AFF}.Debug|x64.ActiveCfg = Debug|x64
		{04DFDECE-AB67-4406-A003-66CE1E989AFF}.Debug|x64.Build.0 = Debug|x64
		{04DFDECE-AB67-4406-A003-66CE1E989AFF}.Debug|x86.ActiveCfg = Debug|Win32
		{04DFDECE-AB67-4406-A003-66CE1E989AFF}.Debug|x86.Build.0 = Debug|Win32
		{04DFDECE-AB67-4406-A003-66CE1E989AFF}.Release|x64.ActiveCfg = Release|x64
		{04DFDECE-AB67-4406-A003-66CE1E989AFF}.Release|x64.Build.0 = Release|x64
		{04DFDECE-AB67-4406-A003-66CE1E989AFF}.Release|x86.ActiveCfg = Release|Win32
		{04DFDECE-AB67-4406-A003-66CE1E989AFF}.Release|x86.Build.0 = Release|Win32
	EndGlobalSection
	GlobalSection(SolutionProperties) = preSolution
		HideSolutionNode = FALSE
	EndGlobalSection
	GlobalSection(ExtensibilityGlobals) = postSolution
		SolutionGuid = {B0323029-3D33-481B-AD20-0B032A0C40CA}
	EndGlobalSection
EndGlobal
